// !$*UTF8*$!
{
	archiveVersion = 1;
	classes = {
	};
	objectVersion = 56;
	objects = {

/* Begin PBXBuildFile section */
		0487972A2AB41083003FEE8F /* Assets.xcassets in Resources */ = {isa = PBXBuildFile; fileRef = 048797252AB41083003FEE8F /* Assets.xcassets */; };
		0487972B2AB41083003FEE8F /* camera.xcassets in Resources */ = {isa = PBXBuildFile; fileRef = 048797272AB41083003FEE8F /* camera.xcassets */; };
		0487972C2AB41083003FEE8F /* Preview Assets.xcassets in Resources */ = {isa = PBXBuildFile; fileRef = 048797282AB41083003FEE8F /* Preview Assets.xcassets */; };
		0487972D2AB41083003FEE8F /* body.xcassets in Resources */ = {isa = PBXBuildFile; fileRef = 048797292AB41083003FEE8F /* body.xcassets */; };
		048797302AB41093003FEE8F /* CameraManagerTests.swift in Sources */ = {isa = PBXBuildFile; fileRef = 0487972F2AB41093003FEE8F /* CameraManagerTests.swift */; };
		048797352AB410A0003FEE8F /* View.swift in Sources */ = {isa = PBXBuildFile; fileRef = 048797322AB410A0003FEE8F /* View.swift */; };
		048797362AB410A0003FEE8F /* String.swift in Sources */ = {isa = PBXBuildFile; fileRef = 048797332AB410A0003FEE8F /* String.swift */; };
		048797372AB410A0003FEE8F /* Healthy.swift in Sources */ = {isa = PBXBuildFile; fileRef = 048797342AB410A0003FEE8F /* Healthy.swift */; };
		0487973A2AB410C4003FEE8F /* Recipe.swift in Sources */ = {isa = PBXBuildFile; fileRef = 048797392AB410C4003FEE8F /* Recipe.swift */; };
		048797452AB410D1003FEE8F /* StoRage.swift in Sources */ = {isa = PBXBuildFile; fileRef = 0487973C2AB410D1003FEE8F /* StoRage.swift */; };
		048797462AB410D1003FEE8F /* FireStore.swift in Sources */ = {isa = PBXBuildFile; fileRef = 0487973D2AB410D1003FEE8F /* FireStore.swift */; };
		048797472AB410D1003FEE8F /* Authentication.swift in Sources */ = {isa = PBXBuildFile; fileRef = 0487973E2AB410D1003FEE8F /* Authentication.swift */; };
		048797482AB410D1003FEE8F /* Persistence.swift in Sources */ = {isa = PBXBuildFile; fileRef = 0487973F2AB410D1003FEE8F /* Persistence.swift */; };
		048797492AB410D1003FEE8F /* User.swift in Sources */ = {isa = PBXBuildFile; fileRef = 048797402AB410D1003FEE8F /* User.swift */; };
		0487974A2AB410D1003FEE8F /* Forum.swift in Sources */ = {isa = PBXBuildFile; fileRef = 048797412AB410D1003FEE8F /* Forum.swift */; };
		0487974B2AB410D1003FEE8F /* RealTime.swift in Sources */ = {isa = PBXBuildFile; fileRef = 048797422AB410D1003FEE8F /* RealTime.swift */; };
		0487974C2AB410D1003FEE8F /* CameraManager.swift in Sources */ = {isa = PBXBuildFile; fileRef = 048797432AB410D1003FEE8F /* CameraManager.swift */; };
		048797682AB41101003FEE8F /* ForgetPasswordView.swift in Sources */ = {isa = PBXBuildFile; fileRef = 048797502AB41101003FEE8F /* ForgetPasswordView.swift */; };
		048797692AB41101003FEE8F /* MyDataView.swift in Sources */ = {isa = PBXBuildFile; fileRef = 048797512AB41101003FEE8F /* MyDataView.swift */; };
		0487976A2AB41101003FEE8F /* BMIiiiView.swift in Sources */ = {isa = PBXBuildFile; fileRef = 048797522AB41101003FEE8F /* BMIiiiView.swift */; };
		0487976B2AB41101003FEE8F /* FavoriteView.swift in Sources */ = {isa = PBXBuildFile; fileRef = 048797532AB41101003FEE8F /* FavoriteView.swift */; };
		0487976C2AB41101003FEE8F /* MyView.swift in Sources */ = {isa = PBXBuildFile; fileRef = 048797542AB41101003FEE8F /* MyView.swift */; };
		0487976D2AB41101003FEE8F /* HomeView.swift in Sources */ = {isa = PBXBuildFile; fileRef = 048797552AB41101003FEE8F /* HomeView.swift */; };
		0487976E2AB41101003FEE8F /* BMIView.swift in Sources */ = {isa = PBXBuildFile; fileRef = 048797562AB41101003FEE8F /* BMIView.swift */; };
		0487976F2AB41101003FEE8F /* MenuView.swift in Sources */ = {isa = PBXBuildFile; fileRef = 048797572AB41101003FEE8F /* MenuView.swift */; };
		048797702AB41101003FEE8F /* MyrecipeView.swift in Sources */ = {isa = PBXBuildFile; fileRef = 048797582AB41101003FEE8F /* MyrecipeView.swift */; };
		048797712AB41101003FEE8F /* HyperlipidemiaView.swift in Sources */ = {isa = PBXBuildFile; fileRef = 048797592AB41101003FEE8F /* HyperlipidemiaView.swift */; };
		048797722AB41101003FEE8F /* CameraOveraly.swift in Sources */ = {isa = PBXBuildFile; fileRef = 0487975B2AB41101003FEE8F /* CameraOveraly.swift */; };
		048797732AB41101003FEE8F /* CameraPreviewView.swift in Sources */ = {isa = PBXBuildFile; fileRef = 0487975C2AB41101003FEE8F /* CameraPreviewView.swift */; };
		048797742AB41101003FEE8F /* CapturedPreviewOverlay.swift in Sources */ = {isa = PBXBuildFile; fileRef = 0487975D2AB41101003FEE8F /* CapturedPreviewOverlay.swift */; };
		048797752AB41101003FEE8F /* CustomVideoPlayer.swift in Sources */ = {isa = PBXBuildFile; fileRef = 0487975E2AB41101003FEE8F /* CustomVideoPlayer.swift */; };
		048797762AB41101003FEE8F /* CameraContentView.swift in Sources */ = {isa = PBXBuildFile; fileRef = 0487975F2AB41101003FEE8F /* CameraContentView.swift */; };
		048797772AB41101003FEE8F /* SigninView.swift in Sources */ = {isa = PBXBuildFile; fileRef = 048797602AB41101003FEE8F /* SigninView.swift */; };
		048797782AB41101003FEE8F /* HypertensionView.swift in Sources */ = {isa = PBXBuildFile; fileRef = 048797612AB41101003FEE8F /* HypertensionView.swift */; };
		048797792AB41101003FEE8F /* ForumView.swift in Sources */ = {isa = PBXBuildFile; fileRef = 048797622AB41101003FEE8F /* ForumView.swift */; };
		0487977A2AB41101003FEE8F /* PostTextView.swift in Sources */ = {isa = PBXBuildFile; fileRef = 048797632AB41101003FEE8F /* PostTextView.swift */; };
		0487977B2AB41101003FEE8F /* LoginView.swift in Sources */ = {isa = PBXBuildFile; fileRef = 048797642AB41101003FEE8F /* LoginView.swift */; };
		0487977C2AB41101003FEE8F /* HyperglycemiaView.swift in Sources */ = {isa = PBXBuildFile; fileRef = 048797652AB41101003FEE8F /* HyperglycemiaView.swift */; };
		0487977D2AB41101003FEE8F /* ContentView.swift in Sources */ = {isa = PBXBuildFile; fileRef = 048797662AB41101003FEE8F /* ContentView.swift */; };
		0487977E2AB41101003FEE8F /* PostImageView.swift in Sources */ = {isa = PBXBuildFile; fileRef = 048797672AB41101003FEE8F /* PostImageView.swift */; };
		048797842AB411AB003FEE8F /* MemberButton.swift in Sources */ = {isa = PBXBuildFile; fileRef = 048797802AB411AA003FEE8F /* MemberButton.swift */; };
		048797852AB411AB003FEE8F /* CameraManagerViewModel.swift in Sources */ = {isa = PBXBuildFile; fileRef = 048797812AB411AA003FEE8F /* CameraManagerViewModel.swift */; };
		048797862AB411AB003FEE8F /* TagButton.swift in Sources */ = {isa = PBXBuildFile; fileRef = 048797822AB411AA003FEE8F /* TagButton.swift */; };
		048797872AB411AB003FEE8F /* InformationLabel.swift in Sources */ = {isa = PBXBuildFile; fileRef = 048797832AB411AA003FEE8F /* InformationLabel.swift */; };
		0487978A2AB411B2003FEE8F /* CameraManagerTypes.swift in Sources */ = {isa = PBXBuildFile; fileRef = 048797892AB411B2003FEE8F /* CameraManagerTypes.swift */; };
		0F5F04BC2AB1AC2A00E84985 /* CYUTGP110IMEApp.swift in Sources */ = {isa = PBXBuildFile; fileRef = 0F5F04BB2AB1AC2A00E84985 /* CYUTGP110IMEApp.swift */; };
		0F5F04C12AB1AC2A00E84985 /* CYUTGP110IME.xcdatamodeld in Sources */ = {isa = PBXBuildFile; fileRef = 0F5F04BF2AB1AC2A00E84985 /* CYUTGP110IME.xcdatamodeld */; };
		0F5F04C32AB1AC2A00E84985 /* COContentView.swift in Sources */ = {isa = PBXBuildFile; fileRef = 0F5F04C22AB1AC2A00E84985 /* COContentView.swift */; };
		0F5F04D32AB1AC2B00E84985 /* CYUTGP110IMETests.swift in Sources */ = {isa = PBXBuildFile; fileRef = 0F5F04D22AB1AC2B00E84985 /* CYUTGP110IMETests.swift */; };
		0F5F04DD2AB1AC2B00E84985 /* CYUTGP110IMEUITests.swift in Sources */ = {isa = PBXBuildFile; fileRef = 0F5F04DC2AB1AC2B00E84985 /* CYUTGP110IMEUITests.swift */; };
		0F5F04DF2AB1AC2B00E84985 /* CYUTGP110IMEUITestsLaunchTests.swift in Sources */ = {isa = PBXBuildFile; fileRef = 0F5F04DE2AB1AC2B00E84985 /* CYUTGP110IMEUITestsLaunchTests.swift */; };
		0F937E6E2AB1BD0C007E20A7 /* FirebaseAnalytics in Frameworks */ = {isa = PBXBuildFile; productRef = 0F937E6D2AB1BD0C007E20A7 /* FirebaseAnalytics */; };
		0F937E702AB1BD0C007E20A7 /* FirebaseAnalyticsOnDeviceConversion in Frameworks */ = {isa = PBXBuildFile; productRef = 0F937E6F2AB1BD0C007E20A7 /* FirebaseAnalyticsOnDeviceConversion */; };
		0F937E722AB1BD0C007E20A7 /* FirebaseAnalyticsSwift in Frameworks */ = {isa = PBXBuildFile; productRef = 0F937E712AB1BD0C007E20A7 /* FirebaseAnalyticsSwift */; };
		0F937E742AB1BD0C007E20A7 /* FirebaseAnalyticsWithoutAdIdSupport in Frameworks */ = {isa = PBXBuildFile; productRef = 0F937E732AB1BD0C007E20A7 /* FirebaseAnalyticsWithoutAdIdSupport */; };
		0F937E762AB1BD0C007E20A7 /* FirebaseAppCheck in Frameworks */ = {isa = PBXBuildFile; productRef = 0F937E752AB1BD0C007E20A7 /* FirebaseAppCheck */; };
		0F937E782AB1BD0C007E20A7 /* FirebaseAppDistribution-Beta in Frameworks */ = {isa = PBXBuildFile; productRef = 0F937E772AB1BD0C007E20A7 /* FirebaseAppDistribution-Beta */; };
		0F937E7A2AB1BD0C007E20A7 /* FirebaseAuth in Frameworks */ = {isa = PBXBuildFile; productRef = 0F937E792AB1BD0C007E20A7 /* FirebaseAuth */; };
		0F937E7C2AB1BD0C007E20A7 /* FirebaseAuthCombine-Community in Frameworks */ = {isa = PBXBuildFile; productRef = 0F937E7B2AB1BD0C007E20A7 /* FirebaseAuthCombine-Community */; };
		0F937E7E2AB1BD0C007E20A7 /* FirebaseCrashlytics in Frameworks */ = {isa = PBXBuildFile; productRef = 0F937E7D2AB1BD0C007E20A7 /* FirebaseCrashlytics */; };
		0F937E802AB1BD0C007E20A7 /* FirebaseDatabase in Frameworks */ = {isa = PBXBuildFile; productRef = 0F937E7F2AB1BD0C007E20A7 /* FirebaseDatabase */; };
		0F937E822AB1BD0C007E20A7 /* FirebaseDatabaseSwift in Frameworks */ = {isa = PBXBuildFile; productRef = 0F937E812AB1BD0C007E20A7 /* FirebaseDatabaseSwift */; };
		0F937E842AB1BD0C007E20A7 /* FirebaseDynamicLinks in Frameworks */ = {isa = PBXBuildFile; productRef = 0F937E832AB1BD0C007E20A7 /* FirebaseDynamicLinks */; };
		0F937E862AB1BD0C007E20A7 /* FirebaseFirestore in Frameworks */ = {isa = PBXBuildFile; productRef = 0F937E852AB1BD0C007E20A7 /* FirebaseFirestore */; };
		0F937E882AB1BD0C007E20A7 /* FirebaseFirestoreCombine-Community in Frameworks */ = {isa = PBXBuildFile; productRef = 0F937E872AB1BD0C007E20A7 /* FirebaseFirestoreCombine-Community */; };
		0F937E8A2AB1BD0C007E20A7 /* FirebaseFirestoreSwift in Frameworks */ = {isa = PBXBuildFile; productRef = 0F937E892AB1BD0C007E20A7 /* FirebaseFirestoreSwift */; };
		0F937E8C2AB1BD0C007E20A7 /* FirebaseFunctions in Frameworks */ = {isa = PBXBuildFile; productRef = 0F937E8B2AB1BD0C007E20A7 /* FirebaseFunctions */; };
		0F937E8E2AB1BD0C007E20A7 /* FirebaseFunctionsCombine-Community in Frameworks */ = {isa = PBXBuildFile; productRef = 0F937E8D2AB1BD0C007E20A7 /* FirebaseFunctionsCombine-Community */; };
		0F937E902AB1BD0C007E20A7 /* FirebaseInAppMessaging-Beta in Frameworks */ = {isa = PBXBuildFile; productRef = 0F937E8F2AB1BD0C007E20A7 /* FirebaseInAppMessaging-Beta */; };
		0F937E922AB1BD0C007E20A7 /* FirebaseInAppMessagingSwift-Beta in Frameworks */ = {isa = PBXBuildFile; productRef = 0F937E912AB1BD0C007E20A7 /* FirebaseInAppMessagingSwift-Beta */; };
		0F937E942AB1BD0C007E20A7 /* FirebaseInstallations in Frameworks */ = {isa = PBXBuildFile; productRef = 0F937E932AB1BD0C007E20A7 /* FirebaseInstallations */; };
		0F937E962AB1BD0C007E20A7 /* FirebaseMLModelDownloader in Frameworks */ = {isa = PBXBuildFile; productRef = 0F937E952AB1BD0C007E20A7 /* FirebaseMLModelDownloader */; };
		0F937E982AB1BD0C007E20A7 /* FirebaseMessaging in Frameworks */ = {isa = PBXBuildFile; productRef = 0F937E972AB1BD0C007E20A7 /* FirebaseMessaging */; };
		0F937E9A2AB1BD0C007E20A7 /* FirebasePerformance in Frameworks */ = {isa = PBXBuildFile; productRef = 0F937E992AB1BD0C007E20A7 /* FirebasePerformance */; };
		0F937E9C2AB1BD0C007E20A7 /* FirebaseRemoteConfig in Frameworks */ = {isa = PBXBuildFile; productRef = 0F937E9B2AB1BD0C007E20A7 /* FirebaseRemoteConfig */; };
		0F937E9E2AB1BD0C007E20A7 /* FirebaseRemoteConfigSwift in Frameworks */ = {isa = PBXBuildFile; productRef = 0F937E9D2AB1BD0C007E20A7 /* FirebaseRemoteConfigSwift */; };
		0F937EA02AB1BD0C007E20A7 /* FirebaseStorage in Frameworks */ = {isa = PBXBuildFile; productRef = 0F937E9F2AB1BD0C007E20A7 /* FirebaseStorage */; };
		0F937EA22AB1BD0C007E20A7 /* FirebaseStorageCombine-Community in Frameworks */ = {isa = PBXBuildFile; productRef = 0F937EA12AB1BD0C007E20A7 /* FirebaseStorageCombine-Community */; };
		0FB429C12AB429360007E4BA /* GoogleService-Info.plist in Resources */ = {isa = PBXBuildFile; fileRef = 0FB429C02AB429360007E4BA /* GoogleService-Info.plist */; };
/* End PBXBuildFile section */

/* Begin PBXContainerItemProxy section */
		0F5F04CF2AB1AC2B00E84985 /* PBXContainerItemProxy */ = {
			isa = PBXContainerItemProxy;
			containerPortal = 0F5F04B02AB1AC2A00E84985 /* Project object */;
			proxyType = 1;
			remoteGlobalIDString = 0F5F04B72AB1AC2A00E84985;
			remoteInfo = CYUTGP110IME;
		};
		0F5F04D92AB1AC2B00E84985 /* PBXContainerItemProxy */ = {
			isa = PBXContainerItemProxy;
			containerPortal = 0F5F04B02AB1AC2A00E84985 /* Project object */;
			proxyType = 1;
			remoteGlobalIDString = 0F5F04B72AB1AC2A00E84985;
			remoteInfo = CYUTGP110IME;
		};
/* End PBXContainerItemProxy section */

/* Begin PBXFileReference section */
		048797252AB41083003FEE8F /* Assets.xcassets */ = {isa = PBXFileReference; lastKnownFileType = folder.assetcatalog; path = Assets.xcassets; sourceTree = "<group>"; };
		048797272AB41083003FEE8F /* camera.xcassets */ = {isa = PBXFileReference; lastKnownFileType = folder.assetcatalog; path = camera.xcassets; sourceTree = "<group>"; };
		048797282AB41083003FEE8F /* Preview Assets.xcassets */ = {isa = PBXFileReference; lastKnownFileType = folder.assetcatalog; path = "Preview Assets.xcassets"; sourceTree = "<group>"; };
		048797292AB41083003FEE8F /* body.xcassets */ = {isa = PBXFileReference; lastKnownFileType = folder.assetcatalog; path = body.xcassets; sourceTree = "<group>"; };
		0487972F2AB41093003FEE8F /* CameraManagerTests.swift */ = {isa = PBXFileReference; fileEncoding = 4; lastKnownFileType = sourcecode.swift; path = CameraManagerTests.swift; sourceTree = "<group>"; };
		048797322AB410A0003FEE8F /* View.swift */ = {isa = PBXFileReference; fileEncoding = 4; lastKnownFileType = sourcecode.swift; path = View.swift; sourceTree = "<group>"; };
		048797332AB410A0003FEE8F /* String.swift */ = {isa = PBXFileReference; fileEncoding = 4; lastKnownFileType = sourcecode.swift; path = String.swift; sourceTree = "<group>"; };
		048797342AB410A0003FEE8F /* Healthy.swift */ = {isa = PBXFileReference; fileEncoding = 4; lastKnownFileType = sourcecode.swift; path = Healthy.swift; sourceTree = "<group>"; };
		048797392AB410C4003FEE8F /* Recipe.swift */ = {isa = PBXFileReference; fileEncoding = 4; lastKnownFileType = sourcecode.swift; path = Recipe.swift; sourceTree = "<group>"; };
		0487973C2AB410D1003FEE8F /* StoRage.swift */ = {isa = PBXFileReference; fileEncoding = 4; lastKnownFileType = sourcecode.swift; path = StoRage.swift; sourceTree = "<group>"; };
		0487973D2AB410D1003FEE8F /* FireStore.swift */ = {isa = PBXFileReference; fileEncoding = 4; lastKnownFileType = sourcecode.swift; path = FireStore.swift; sourceTree = "<group>"; };
		0487973E2AB410D1003FEE8F /* Authentication.swift */ = {isa = PBXFileReference; fileEncoding = 4; lastKnownFileType = sourcecode.swift; path = Authentication.swift; sourceTree = "<group>"; };
		0487973F2AB410D1003FEE8F /* Persistence.swift */ = {isa = PBXFileReference; fileEncoding = 4; lastKnownFileType = sourcecode.swift; path = Persistence.swift; sourceTree = "<group>"; };
		048797402AB410D1003FEE8F /* User.swift */ = {isa = PBXFileReference; fileEncoding = 4; lastKnownFileType = sourcecode.swift; path = User.swift; sourceTree = "<group>"; };
		048797412AB410D1003FEE8F /* Forum.swift */ = {isa = PBXFileReference; fileEncoding = 4; lastKnownFileType = sourcecode.swift; path = Forum.swift; sourceTree = "<group>"; };
		048797422AB410D1003FEE8F /* RealTime.swift */ = {isa = PBXFileReference; fileEncoding = 4; lastKnownFileType = sourcecode.swift; path = RealTime.swift; sourceTree = "<group>"; };
		048797432AB410D1003FEE8F /* CameraManager.swift */ = {isa = PBXFileReference; fileEncoding = 4; lastKnownFileType = sourcecode.swift; path = CameraManager.swift; sourceTree = "<group>"; };
		048797502AB41101003FEE8F /* ForgetPasswordView.swift */ = {isa = PBXFileReference; fileEncoding = 4; lastKnownFileType = sourcecode.swift; path = ForgetPasswordView.swift; sourceTree = "<group>"; };
		048797512AB41101003FEE8F /* MyDataView.swift */ = {isa = PBXFileReference; fileEncoding = 4; lastKnownFileType = sourcecode.swift; path = MyDataView.swift; sourceTree = "<group>"; };
		048797522AB41101003FEE8F /* BMIiiiView.swift */ = {isa = PBXFileReference; fileEncoding = 4; lastKnownFileType = sourcecode.swift; path = BMIiiiView.swift; sourceTree = "<group>"; };
		048797532AB41101003FEE8F /* FavoriteView.swift */ = {isa = PBXFileReference; fileEncoding = 4; lastKnownFileType = sourcecode.swift; path = FavoriteView.swift; sourceTree = "<group>"; };
		048797542AB41101003FEE8F /* MyView.swift */ = {isa = PBXFileReference; fileEncoding = 4; lastKnownFileType = sourcecode.swift; path = MyView.swift; sourceTree = "<group>"; };
		048797552AB41101003FEE8F /* HomeView.swift */ = {isa = PBXFileReference; fileEncoding = 4; lastKnownFileType = sourcecode.swift; path = HomeView.swift; sourceTree = "<group>"; };
		048797562AB41101003FEE8F /* BMIView.swift */ = {isa = PBXFileReference; fileEncoding = 4; lastKnownFileType = sourcecode.swift; path = BMIView.swift; sourceTree = "<group>"; };
		048797572AB41101003FEE8F /* MenuView.swift */ = {isa = PBXFileReference; fileEncoding = 4; lastKnownFileType = sourcecode.swift; path = MenuView.swift; sourceTree = "<group>"; };
		048797582AB41101003FEE8F /* MyrecipeView.swift */ = {isa = PBXFileReference; fileEncoding = 4; lastKnownFileType = sourcecode.swift; path = MyrecipeView.swift; sourceTree = "<group>"; };
		048797592AB41101003FEE8F /* HyperlipidemiaView.swift */ = {isa = PBXFileReference; fileEncoding = 4; lastKnownFileType = sourcecode.swift; path = HyperlipidemiaView.swift; sourceTree = "<group>"; };
		0487975B2AB41101003FEE8F /* CameraOveraly.swift */ = {isa = PBXFileReference; fileEncoding = 4; lastKnownFileType = sourcecode.swift; path = CameraOveraly.swift; sourceTree = "<group>"; };
		0487975C2AB41101003FEE8F /* CameraPreviewView.swift */ = {isa = PBXFileReference; fileEncoding = 4; lastKnownFileType = sourcecode.swift; path = CameraPreviewView.swift; sourceTree = "<group>"; };
		0487975D2AB41101003FEE8F /* CapturedPreviewOverlay.swift */ = {isa = PBXFileReference; fileEncoding = 4; lastKnownFileType = sourcecode.swift; path = CapturedPreviewOverlay.swift; sourceTree = "<group>"; };
		0487975E2AB41101003FEE8F /* CustomVideoPlayer.swift */ = {isa = PBXFileReference; fileEncoding = 4; lastKnownFileType = sourcecode.swift; path = CustomVideoPlayer.swift; sourceTree = "<group>"; };
		0487975F2AB41101003FEE8F /* CameraContentView.swift */ = {isa = PBXFileReference; fileEncoding = 4; lastKnownFileType = sourcecode.swift; path = CameraContentView.swift; sourceTree = "<group>"; };
		048797602AB41101003FEE8F /* SigninView.swift */ = {isa = PBXFileReference; fileEncoding = 4; lastKnownFileType = sourcecode.swift; path = SigninView.swift; sourceTree = "<group>"; };
		048797612AB41101003FEE8F /* HypertensionView.swift */ = {isa = PBXFileReference; fileEncoding = 4; lastKnownFileType = sourcecode.swift; path = HypertensionView.swift; sourceTree = "<group>"; };
		048797622AB41101003FEE8F /* ForumView.swift */ = {isa = PBXFileReference; fileEncoding = 4; lastKnownFileType = sourcecode.swift; path = ForumView.swift; sourceTree = "<group>"; };
		048797632AB41101003FEE8F /* PostTextView.swift */ = {isa = PBXFileReference; fileEncoding = 4; lastKnownFileType = sourcecode.swift; path = PostTextView.swift; sourceTree = "<group>"; };
		048797642AB41101003FEE8F /* LoginView.swift */ = {isa = PBXFileReference; fileEncoding = 4; lastKnownFileType = sourcecode.swift; path = LoginView.swift; sourceTree = "<group>"; };
		048797652AB41101003FEE8F /* HyperglycemiaView.swift */ = {isa = PBXFileReference; fileEncoding = 4; lastKnownFileType = sourcecode.swift; path = HyperglycemiaView.swift; sourceTree = "<group>"; };
		048797662AB41101003FEE8F /* ContentView.swift */ = {isa = PBXFileReference; fileEncoding = 4; lastKnownFileType = sourcecode.swift; path = ContentView.swift; sourceTree = "<group>"; };
		048797672AB41101003FEE8F /* PostImageView.swift */ = {isa = PBXFileReference; fileEncoding = 4; lastKnownFileType = sourcecode.swift; path = PostImageView.swift; sourceTree = "<group>"; };
		048797802AB411AA003FEE8F /* MemberButton.swift */ = {isa = PBXFileReference; fileEncoding = 4; lastKnownFileType = sourcecode.swift; path = MemberButton.swift; sourceTree = "<group>"; };
		048797812AB411AA003FEE8F /* CameraManagerViewModel.swift */ = {isa = PBXFileReference; fileEncoding = 4; lastKnownFileType = sourcecode.swift; path = CameraManagerViewModel.swift; sourceTree = "<group>"; };
		048797822AB411AA003FEE8F /* TagButton.swift */ = {isa = PBXFileReference; fileEncoding = 4; lastKnownFileType = sourcecode.swift; path = TagButton.swift; sourceTree = "<group>"; };
		048797832AB411AA003FEE8F /* InformationLabel.swift */ = {isa = PBXFileReference; fileEncoding = 4; lastKnownFileType = sourcecode.swift; path = InformationLabel.swift; sourceTree = "<group>"; };
		048797892AB411B2003FEE8F /* CameraManagerTypes.swift */ = {isa = PBXFileReference; fileEncoding = 4; lastKnownFileType = sourcecode.swift; path = CameraManagerTypes.swift; sourceTree = "<group>"; };
		0F5F04B82AB1AC2A00E84985 /* CYUTGP110IME.app */ = {isa = PBXFileReference; explicitFileType = wrapper.application; includeInIndex = 0; path = CYUTGP110IME.app; sourceTree = BUILT_PRODUCTS_DIR; };
		0F5F04BB2AB1AC2A00E84985 /* CYUTGP110IMEApp.swift */ = {isa = PBXFileReference; lastKnownFileType = sourcecode.swift; path = CYUTGP110IMEApp.swift; sourceTree = "<group>"; };
		0F5F04C02AB1AC2A00E84985 /* CYUTGP110IME.xcdatamodel */ = {isa = PBXFileReference; lastKnownFileType = wrapper.xcdatamodel; path = CYUTGP110IME.xcdatamodel; sourceTree = "<group>"; };
		0F5F04C22AB1AC2A00E84985 /* COContentView.swift */ = {isa = PBXFileReference; lastKnownFileType = sourcecode.swift; path = COContentView.swift; sourceTree = "<group>"; };
		0F5F04C62AB1AC2B00E84985 /* CYUTGP110IME.entitlements */ = {isa = PBXFileReference; lastKnownFileType = text.plist.entitlements; path = CYUTGP110IME.entitlements; sourceTree = "<group>"; };
		0F5F04CE2AB1AC2B00E84985 /* CYUTGP110IMETests.xctest */ = {isa = PBXFileReference; explicitFileType = wrapper.cfbundle; includeInIndex = 0; path = CYUTGP110IMETests.xctest; sourceTree = BUILT_PRODUCTS_DIR; };
		0F5F04D22AB1AC2B00E84985 /* CYUTGP110IMETests.swift */ = {isa = PBXFileReference; lastKnownFileType = sourcecode.swift; path = CYUTGP110IMETests.swift; sourceTree = "<group>"; };
		0F5F04D82AB1AC2B00E84985 /* CYUTGP110IMEUITests.xctest */ = {isa = PBXFileReference; explicitFileType = wrapper.cfbundle; includeInIndex = 0; path = CYUTGP110IMEUITests.xctest; sourceTree = BUILT_PRODUCTS_DIR; };
		0F5F04DC2AB1AC2B00E84985 /* CYUTGP110IMEUITests.swift */ = {isa = PBXFileReference; lastKnownFileType = sourcecode.swift; path = CYUTGP110IMEUITests.swift; sourceTree = "<group>"; };
		0F5F04DE2AB1AC2B00E84985 /* CYUTGP110IMEUITestsLaunchTests.swift */ = {isa = PBXFileReference; lastKnownFileType = sourcecode.swift; path = CYUTGP110IMEUITestsLaunchTests.swift; sourceTree = "<group>"; };
		0FB429C02AB429360007E4BA /* GoogleService-Info.plist */ = {isa = PBXFileReference; fileEncoding = 4; lastKnownFileType = text.plist.xml; path = "GoogleService-Info.plist"; sourceTree = "<group>"; };
/* End PBXFileReference section */

/* Begin PBXFrameworksBuildPhase section */
		0F5F04B52AB1AC2A00E84985 /* Frameworks */ = {
			isa = PBXFrameworksBuildPhase;
			buildActionMask = 2147483647;
			files = (
				0F937E802AB1BD0C007E20A7 /* FirebaseDatabase in Frameworks */,
				0F937E8E2AB1BD0C007E20A7 /* FirebaseFunctionsCombine-Community in Frameworks */,
				0F937E862AB1BD0C007E20A7 /* FirebaseFirestore in Frameworks */,
				0F937E722AB1BD0C007E20A7 /* FirebaseAnalyticsSwift in Frameworks */,
				0F937E6E2AB1BD0C007E20A7 /* FirebaseAnalytics in Frameworks */,
				0F937E702AB1BD0C007E20A7 /* FirebaseAnalyticsOnDeviceConversion in Frameworks */,
				0F937E962AB1BD0C007E20A7 /* FirebaseMLModelDownloader in Frameworks */,
				0F937E8A2AB1BD0C007E20A7 /* FirebaseFirestoreSwift in Frameworks */,
				0F937E762AB1BD0C007E20A7 /* FirebaseAppCheck in Frameworks */,
				0F937E742AB1BD0C007E20A7 /* FirebaseAnalyticsWithoutAdIdSupport in Frameworks */,
				0F937E7A2AB1BD0C007E20A7 /* FirebaseAuth in Frameworks */,
				0F937E7E2AB1BD0C007E20A7 /* FirebaseCrashlytics in Frameworks */,
				0F937E9E2AB1BD0C007E20A7 /* FirebaseRemoteConfigSwift in Frameworks */,
				0F937E902AB1BD0C007E20A7 /* FirebaseInAppMessaging-Beta in Frameworks */,
				0F937E822AB1BD0C007E20A7 /* FirebaseDatabaseSwift in Frameworks */,
				0F937E8C2AB1BD0C007E20A7 /* FirebaseFunctions in Frameworks */,
				0F937EA22AB1BD0C007E20A7 /* FirebaseStorageCombine-Community in Frameworks */,
				0F937E9C2AB1BD0C007E20A7 /* FirebaseRemoteConfig in Frameworks */,
				0F937E782AB1BD0C007E20A7 /* FirebaseAppDistribution-Beta in Frameworks */,
				0F937E7C2AB1BD0C007E20A7 /* FirebaseAuthCombine-Community in Frameworks */,
				0F937E9A2AB1BD0C007E20A7 /* FirebasePerformance in Frameworks */,
				0F937E922AB1BD0C007E20A7 /* FirebaseInAppMessagingSwift-Beta in Frameworks */,
				0F937EA02AB1BD0C007E20A7 /* FirebaseStorage in Frameworks */,
				0F937E842AB1BD0C007E20A7 /* FirebaseDynamicLinks in Frameworks */,
				0F937E882AB1BD0C007E20A7 /* FirebaseFirestoreCombine-Community in Frameworks */,
				0F937E982AB1BD0C007E20A7 /* FirebaseMessaging in Frameworks */,
				0F937E942AB1BD0C007E20A7 /* FirebaseInstallations in Frameworks */,
			);
			runOnlyForDeploymentPostprocessing = 0;
		};
		0F5F04CB2AB1AC2B00E84985 /* Frameworks */ = {
			isa = PBXFrameworksBuildPhase;
			buildActionMask = 2147483647;
			files = (
			);
			runOnlyForDeploymentPostprocessing = 0;
		};
		0F5F04D52AB1AC2B00E84985 /* Frameworks */ = {
			isa = PBXFrameworksBuildPhase;
			buildActionMask = 2147483647;
			files = (
			);
			runOnlyForDeploymentPostprocessing = 0;
		};
/* End PBXFrameworksBuildPhase section */

/* Begin PBXGroup section */
		048797232AB41083003FEE8F /* Preview Content */ = {
			isa = PBXGroup;
			children = (
				048797242AB41083003FEE8F /* Color */,
				048797262AB41083003FEE8F /* Picture */,
				048797282AB41083003FEE8F /* Preview Assets.xcassets */,
				048797292AB41083003FEE8F /* body.xcassets */,
			);
			path = "Preview Content";
			sourceTree = "<group>";
		};
		048797242AB41083003FEE8F /* Color */ = {
			isa = PBXGroup;
			children = (
				048797252AB41083003FEE8F /* Assets.xcassets */,
			);
			path = Color;
			sourceTree = "<group>";
		};
		048797262AB41083003FEE8F /* Picture */ = {
			isa = PBXGroup;
			children = (
				048797272AB41083003FEE8F /* camera.xcassets */,
			);
			path = Picture;
			sourceTree = "<group>";
		};
		0487972E2AB41093003FEE8F /* CameraTests */ = {
			isa = PBXGroup;
			children = (
				0487972F2AB41093003FEE8F /* CameraManagerTests.swift */,
			);
			path = CameraTests;
			sourceTree = "<group>";
		};
		048797312AB410A0003FEE8F /* Extension */ = {
			isa = PBXGroup;
			children = (
				048797322AB410A0003FEE8F /* View.swift */,
				048797332AB410A0003FEE8F /* String.swift */,
				048797342AB410A0003FEE8F /* Healthy.swift */,
			);
			path = Extension;
			sourceTree = "<group>";
		};
		048797382AB410B2003FEE8F /* Function */ = {
			isa = PBXGroup;
			children = (
				048797392AB410C4003FEE8F /* Recipe.swift */,
			);
			path = Function;
			sourceTree = "<group>";
		};
		0487973B2AB410D1003FEE8F /* Model */ = {
			isa = PBXGroup;
			children = (
				0487973C2AB410D1003FEE8F /* StoRage.swift */,
				0487973D2AB410D1003FEE8F /* FireStore.swift */,
				0487973E2AB410D1003FEE8F /* Authentication.swift */,
				0487973F2AB410D1003FEE8F /* Persistence.swift */,
				048797402AB410D1003FEE8F /* User.swift */,
				048797412AB410D1003FEE8F /* Forum.swift */,
				048797422AB410D1003FEE8F /* RealTime.swift */,
				048797432AB410D1003FEE8F /* CameraManager.swift */,
			);
			path = Model;
			sourceTree = "<group>";
		};
		0487974E2AB41101003FEE8F /* View */ = {
			isa = PBXGroup;
			children = (
				0487974F2AB41101003FEE8F /* not! */,
				0487975A2AB41101003FEE8F /* Camera */,
				048797602AB41101003FEE8F /* SigninView.swift */,
				048797612AB41101003FEE8F /* HypertensionView.swift */,
				048797622AB41101003FEE8F /* ForumView.swift */,
				048797632AB41101003FEE8F /* PostTextView.swift */,
				048797642AB41101003FEE8F /* LoginView.swift */,
				048797652AB41101003FEE8F /* HyperglycemiaView.swift */,
				048797592AB41101003FEE8F /* HyperlipidemiaView.swift */,
				048797662AB41101003FEE8F /* ContentView.swift */,
				048797672AB41101003FEE8F /* PostImageView.swift */,
			);
			path = View;
			sourceTree = "<group>";
		};
		0487974F2AB41101003FEE8F /* not! */ = {
			isa = PBXGroup;
			children = (
				048797502AB41101003FEE8F /* ForgetPasswordView.swift */,
				048797512AB41101003FEE8F /* MyDataView.swift */,
				048797522AB41101003FEE8F /* BMIiiiView.swift */,
				048797532AB41101003FEE8F /* FavoriteView.swift */,
				048797542AB41101003FEE8F /* MyView.swift */,
				048797552AB41101003FEE8F /* HomeView.swift */,
				048797562AB41101003FEE8F /* BMIView.swift */,
				048797572AB41101003FEE8F /* MenuView.swift */,
				048797582AB41101003FEE8F /* MyrecipeView.swift */,
			);
			path = "not!";
			sourceTree = "<group>";
		};
		0487975A2AB41101003FEE8F /* Camera */ = {
			isa = PBXGroup;
			children = (
				0487975B2AB41101003FEE8F /* CameraOveraly.swift */,
				0487975C2AB41101003FEE8F /* CameraPreviewView.swift */,
				0487975D2AB41101003FEE8F /* CapturedPreviewOverlay.swift */,
				0487975E2AB41101003FEE8F /* CustomVideoPlayer.swift */,
				0487975F2AB41101003FEE8F /* CameraContentView.swift */,
			);
			path = Camera;
			sourceTree = "<group>";
		};
		0487977F2AB411AA003FEE8F /* ViewModel */ = {
			isa = PBXGroup;
			children = (
				048797802AB411AA003FEE8F /* MemberButton.swift */,
				048797812AB411AA003FEE8F /* CameraManagerViewModel.swift */,
				048797822AB411AA003FEE8F /* TagButton.swift */,
				048797832AB411AA003FEE8F /* InformationLabel.swift */,
			);
			path = ViewModel;
			sourceTree = "<group>";
		};
		048797882AB411B2003FEE8F /* Utilities */ = {
			isa = PBXGroup;
			children = (
				048797892AB411B2003FEE8F /* CameraManagerTypes.swift */,
			);
			path = Utilities;
			sourceTree = "<group>";
		};
		0487978B2AB411D9003FEE8F /* ViewModifier */ = {
			isa = PBXGroup;
			children = (
			);
			path = ViewModifier;
			sourceTree = "<group>";
		};
		0F5F04AF2AB1AC2A00E84985 = {
			isa = PBXGroup;
			children = (
				0F5F04BA2AB1AC2A00E84985 /* CYUTGP110IME */,
				0F5F04D12AB1AC2B00E84985 /* CYUTGP110IMETests */,
				0F5F04DB2AB1AC2B00E84985 /* CYUTGP110IMEUITests */,
				0F5F04B92AB1AC2A00E84985 /* Products */,
			);
			sourceTree = "<group>";
		};
		0F5F04B92AB1AC2A00E84985 /* Products */ = {
			isa = PBXGroup;
			children = (
				0F5F04B82AB1AC2A00E84985 /* CYUTGP110IME.app */,
				0F5F04CE2AB1AC2B00E84985 /* CYUTGP110IMETests.xctest */,
				0F5F04D82AB1AC2B00E84985 /* CYUTGP110IMEUITests.xctest */,
			);
			name = Products;
			sourceTree = "<group>";
		};
		0F5F04BA2AB1AC2A00E84985 /* CYUTGP110IME */ = {
			isa = PBXGroup;
			children = (
				0FB429C02AB429360007E4BA /* GoogleService-Info.plist */,
				0F5F04BB2AB1AC2A00E84985 /* CYUTGP110IMEApp.swift */,
				0F5F04C22AB1AC2A00E84985 /* COContentView.swift */,
				0F5F04C62AB1AC2B00E84985 /* CYUTGP110IME.entitlements */,
				0F5F04BF2AB1AC2A00E84985 /* CYUTGP110IME.xcdatamodeld */,
				048797232AB41083003FEE8F /* Preview Content */,
				0487972E2AB41093003FEE8F /* CameraTests */,
				048797312AB410A0003FEE8F /* Extension */,
				048797382AB410B2003FEE8F /* Function */,
				0487973B2AB410D1003FEE8F /* Model */,
				0487974E2AB41101003FEE8F /* View */,
				0487977F2AB411AA003FEE8F /* ViewModel */,
				048797882AB411B2003FEE8F /* Utilities */,
				0487978B2AB411D9003FEE8F /* ViewModifier */,
			);
			path = CYUTGP110IME;
			sourceTree = "<group>";
		};
		0F5F04D12AB1AC2B00E84985 /* CYUTGP110IMETests */ = {
			isa = PBXGroup;
			children = (
				0F5F04D22AB1AC2B00E84985 /* CYUTGP110IMETests.swift */,
			);
			path = CYUTGP110IMETests;
			sourceTree = "<group>";
		};
		0F5F04DB2AB1AC2B00E84985 /* CYUTGP110IMEUITests */ = {
			isa = PBXGroup;
			children = (
				0F5F04DC2AB1AC2B00E84985 /* CYUTGP110IMEUITests.swift */,
				0F5F04DE2AB1AC2B00E84985 /* CYUTGP110IMEUITestsLaunchTests.swift */,
			);
			path = CYUTGP110IMEUITests;
			sourceTree = "<group>";
		};
/* End PBXGroup section */

/* Begin PBXNativeTarget section */
		0F5F04B72AB1AC2A00E84985 /* CYUTGP110IME */ = {
			isa = PBXNativeTarget;
			buildConfigurationList = 0F5F04E22AB1AC2B00E84985 /* Build configuration list for PBXNativeTarget "CYUTGP110IME" */;
			buildPhases = (
				0F5F04B42AB1AC2A00E84985 /* Sources */,
				0F5F04B52AB1AC2A00E84985 /* Frameworks */,
				0F5F04B62AB1AC2A00E84985 /* Resources */,
			);
			buildRules = (
			);
			dependencies = (
			);
			name = CYUTGP110IME;
			packageProductDependencies = (
				0F937E6D2AB1BD0C007E20A7 /* FirebaseAnalytics */,
				0F937E6F2AB1BD0C007E20A7 /* FirebaseAnalyticsOnDeviceConversion */,
				0F937E712AB1BD0C007E20A7 /* FirebaseAnalyticsSwift */,
				0F937E732AB1BD0C007E20A7 /* FirebaseAnalyticsWithoutAdIdSupport */,
				0F937E752AB1BD0C007E20A7 /* FirebaseAppCheck */,
				0F937E772AB1BD0C007E20A7 /* FirebaseAppDistribution-Beta */,
				0F937E792AB1BD0C007E20A7 /* FirebaseAuth */,
				0F937E7B2AB1BD0C007E20A7 /* FirebaseAuthCombine-Community */,
				0F937E7D2AB1BD0C007E20A7 /* FirebaseCrashlytics */,
				0F937E7F2AB1BD0C007E20A7 /* FirebaseDatabase */,
				0F937E812AB1BD0C007E20A7 /* FirebaseDatabaseSwift */,
				0F937E832AB1BD0C007E20A7 /* FirebaseDynamicLinks */,
				0F937E852AB1BD0C007E20A7 /* FirebaseFirestore */,
				0F937E872AB1BD0C007E20A7 /* FirebaseFirestoreCombine-Community */,
				0F937E892AB1BD0C007E20A7 /* FirebaseFirestoreSwift */,
				0F937E8B2AB1BD0C007E20A7 /* FirebaseFunctions */,
				0F937E8D2AB1BD0C007E20A7 /* FirebaseFunctionsCombine-Community */,
				0F937E8F2AB1BD0C007E20A7 /* FirebaseInAppMessaging-Beta */,
				0F937E912AB1BD0C007E20A7 /* FirebaseInAppMessagingSwift-Beta */,
				0F937E932AB1BD0C007E20A7 /* FirebaseInstallations */,
				0F937E952AB1BD0C007E20A7 /* FirebaseMLModelDownloader */,
				0F937E972AB1BD0C007E20A7 /* FirebaseMessaging */,
				0F937E992AB1BD0C007E20A7 /* FirebasePerformance */,
				0F937E9B2AB1BD0C007E20A7 /* FirebaseRemoteConfig */,
				0F937E9D2AB1BD0C007E20A7 /* FirebaseRemoteConfigSwift */,
				0F937E9F2AB1BD0C007E20A7 /* FirebaseStorage */,
				0F937EA12AB1BD0C007E20A7 /* FirebaseStorageCombine-Community */,
			);
			productName = CYUTGP110IME;
			productReference = 0F5F04B82AB1AC2A00E84985 /* CYUTGP110IME.app */;
			productType = "com.apple.product-type.application";
		};
		0F5F04CD2AB1AC2B00E84985 /* CYUTGP110IMETests */ = {
			isa = PBXNativeTarget;
			buildConfigurationList = 0F5F04E52AB1AC2B00E84985 /* Build configuration list for PBXNativeTarget "CYUTGP110IMETests" */;
			buildPhases = (
				0F5F04CA2AB1AC2B00E84985 /* Sources */,
				0F5F04CB2AB1AC2B00E84985 /* Frameworks */,
				0F5F04CC2AB1AC2B00E84985 /* Resources */,
			);
			buildRules = (
			);
			dependencies = (
				0F5F04D02AB1AC2B00E84985 /* PBXTargetDependency */,
			);
			name = CYUTGP110IMETests;
			productName = CYUTGP110IMETests;
			productReference = 0F5F04CE2AB1AC2B00E84985 /* CYUTGP110IMETests.xctest */;
			productType = "com.apple.product-type.bundle.unit-test";
		};
		0F5F04D72AB1AC2B00E84985 /* CYUTGP110IMEUITests */ = {
			isa = PBXNativeTarget;
			buildConfigurationList = 0F5F04E82AB1AC2B00E84985 /* Build configuration list for PBXNativeTarget "CYUTGP110IMEUITests" */;
			buildPhases = (
				0F5F04D42AB1AC2B00E84985 /* Sources */,
				0F5F04D52AB1AC2B00E84985 /* Frameworks */,
				0F5F04D62AB1AC2B00E84985 /* Resources */,
			);
			buildRules = (
			);
			dependencies = (
				0F5F04DA2AB1AC2B00E84985 /* PBXTargetDependency */,
			);
			name = CYUTGP110IMEUITests;
			productName = CYUTGP110IMEUITests;
			productReference = 0F5F04D82AB1AC2B00E84985 /* CYUTGP110IMEUITests.xctest */;
			productType = "com.apple.product-type.bundle.ui-testing";
		};
/* End PBXNativeTarget section */

/* Begin PBXProject section */
		0F5F04B02AB1AC2A00E84985 /* Project object */ = {
			isa = PBXProject;
			attributes = {
				BuildIndependentTargetsInParallel = 1;
				LastSwiftUpdateCheck = 1430;
				LastUpgradeCheck = 1430;
				TargetAttributes = {
					0F5F04B72AB1AC2A00E84985 = {
						CreatedOnToolsVersion = 14.3.1;
					};
					0F5F04CD2AB1AC2B00E84985 = {
						CreatedOnToolsVersion = 14.3.1;
						TestTargetID = 0F5F04B72AB1AC2A00E84985;
					};
					0F5F04D72AB1AC2B00E84985 = {
						CreatedOnToolsVersion = 14.3.1;
						TestTargetID = 0F5F04B72AB1AC2A00E84985;
					};
				};
			};
			buildConfigurationList = 0F5F04B32AB1AC2A00E84985 /* Build configuration list for PBXProject "CYUTGP110IME" */;
			compatibilityVersion = "Xcode 14.0";
			developmentRegion = en;
			hasScannedForEncodings = 0;
			knownRegions = (
				en,
				Base,
			);
			mainGroup = 0F5F04AF2AB1AC2A00E84985;
			packageReferences = (
				0F937E6C2AB1BD0C007E20A7 /* XCRemoteSwiftPackageReference "firebase-ios-sdk" */,
			);
			productRefGroup = 0F5F04B92AB1AC2A00E84985 /* Products */;
			projectDirPath = "";
			projectRoot = "";
			targets = (
				0F5F04B72AB1AC2A00E84985 /* CYUTGP110IME */,
				0F5F04CD2AB1AC2B00E84985 /* CYUTGP110IMETests */,
				0F5F04D72AB1AC2B00E84985 /* CYUTGP110IMEUITests */,
			);
		};
/* End PBXProject section */

/* Begin PBXResourcesBuildPhase section */
		0F5F04B62AB1AC2A00E84985 /* Resources */ = {
			isa = PBXResourcesBuildPhase;
			buildActionMask = 2147483647;
			files = (
				0487972C2AB41083003FEE8F /* Preview Assets.xcassets in Resources */,
				0487972A2AB41083003FEE8F /* Assets.xcassets in Resources */,
				0FB429C12AB429360007E4BA /* GoogleService-Info.plist in Resources */,
				0487972D2AB41083003FEE8F /* body.xcassets in Resources */,
				0487972B2AB41083003FEE8F /* camera.xcassets in Resources */,
			);
			runOnlyForDeploymentPostprocessing = 0;
		};
		0F5F04CC2AB1AC2B00E84985 /* Resources */ = {
			isa = PBXResourcesBuildPhase;
			buildActionMask = 2147483647;
			files = (
			);
			runOnlyForDeploymentPostprocessing = 0;
		};
		0F5F04D62AB1AC2B00E84985 /* Resources */ = {
			isa = PBXResourcesBuildPhase;
			buildActionMask = 2147483647;
			files = (
			);
			runOnlyForDeploymentPostprocessing = 0;
		};
/* End PBXResourcesBuildPhase section */

/* Begin PBXSourcesBuildPhase section */
		0F5F04B42AB1AC2A00E84985 /* Sources */ = {
			isa = PBXSourcesBuildPhase;
			buildActionMask = 2147483647;
			files = (
				048797752AB41101003FEE8F /* CustomVideoPlayer.swift in Sources */,
				048797492AB410D1003FEE8F /* User.swift in Sources */,
				048797712AB41101003FEE8F /* HyperlipidemiaView.swift in Sources */,
				0487977A2AB41101003FEE8F /* PostTextView.swift in Sources */,
				0487976A2AB41101003FEE8F /* BMIiiiView.swift in Sources */,
				048797702AB41101003FEE8F /* MyrecipeView.swift in Sources */,
				0487976C2AB41101003FEE8F /* MyView.swift in Sources */,
				0487976E2AB41101003FEE8F /* BMIView.swift in Sources */,
				048797362AB410A0003FEE8F /* String.swift in Sources */,
				0487974C2AB410D1003FEE8F /* CameraManager.swift in Sources */,
				0487977E2AB41101003FEE8F /* PostImageView.swift in Sources */,
				048797772AB41101003FEE8F /* SigninView.swift in Sources */,
				048797452AB410D1003FEE8F /* StoRage.swift in Sources */,
				048797682AB41101003FEE8F /* ForgetPasswordView.swift in Sources */,
				048797792AB41101003FEE8F /* ForumView.swift in Sources */,
				048797852AB411AB003FEE8F /* CameraManagerViewModel.swift in Sources */,
				0487977B2AB41101003FEE8F /* LoginView.swift in Sources */,
				0F5F04BC2AB1AC2A00E84985 /* CYUTGP110IMEApp.swift in Sources */,
				0487977C2AB41101003FEE8F /* HyperglycemiaView.swift in Sources */,
				0F5F04C32AB1AC2A00E84985 /* COContentView.swift in Sources */,
				0487976F2AB41101003FEE8F /* MenuView.swift in Sources */,
				0487974B2AB410D1003FEE8F /* RealTime.swift in Sources */,
				048797352AB410A0003FEE8F /* View.swift in Sources */,
				048797372AB410A0003FEE8F /* Healthy.swift in Sources */,
				048797762AB41101003FEE8F /* CameraContentView.swift in Sources */,
				0487977D2AB41101003FEE8F /* ContentView.swift in Sources */,
				048797302AB41093003FEE8F /* CameraManagerTests.swift in Sources */,
				048797742AB41101003FEE8F /* CapturedPreviewOverlay.swift in Sources */,
				048797732AB41101003FEE8F /* CameraPreviewView.swift in Sources */,
				048797722AB41101003FEE8F /* CameraOveraly.swift in Sources */,
				048797842AB411AB003FEE8F /* MemberButton.swift in Sources */,
				0F5F04C12AB1AC2A00E84985 /* CYUTGP110IME.xcdatamodeld in Sources */,
				0487978A2AB411B2003FEE8F /* CameraManagerTypes.swift in Sources */,
				048797862AB411AB003FEE8F /* TagButton.swift in Sources */,
				048797782AB41101003FEE8F /* HypertensionView.swift in Sources */,
				0487974A2AB410D1003FEE8F /* Forum.swift in Sources */,
				0487973A2AB410C4003FEE8F /* Recipe.swift in Sources */,
				048797482AB410D1003FEE8F /* Persistence.swift in Sources */,
				0487976B2AB41101003FEE8F /* FavoriteView.swift in Sources */,
				048797872AB411AB003FEE8F /* InformationLabel.swift in Sources */,
				048797692AB41101003FEE8F /* MyDataView.swift in Sources */,
				048797462AB410D1003FEE8F /* FireStore.swift in Sources */,
				0487976D2AB41101003FEE8F /* HomeView.swift in Sources */,
				048797472AB410D1003FEE8F /* Authentication.swift in Sources */,
			);
			runOnlyForDeploymentPostprocessing = 0;
		};
		0F5F04CA2AB1AC2B00E84985 /* Sources */ = {
			isa = PBXSourcesBuildPhase;
			buildActionMask = 2147483647;
			files = (
				0F5F04D32AB1AC2B00E84985 /* CYUTGP110IMETests.swift in Sources */,
			);
			runOnlyForDeploymentPostprocessing = 0;
		};
		0F5F04D42AB1AC2B00E84985 /* Sources */ = {
			isa = PBXSourcesBuildPhase;
			buildActionMask = 2147483647;
			files = (
				0F5F04DD2AB1AC2B00E84985 /* CYUTGP110IMEUITests.swift in Sources */,
				0F5F04DF2AB1AC2B00E84985 /* CYUTGP110IMEUITestsLaunchTests.swift in Sources */,
			);
			runOnlyForDeploymentPostprocessing = 0;
		};
/* End PBXSourcesBuildPhase section */

/* Begin PBXTargetDependency section */
		0F5F04D02AB1AC2B00E84985 /* PBXTargetDependency */ = {
			isa = PBXTargetDependency;
			target = 0F5F04B72AB1AC2A00E84985 /* CYUTGP110IME */;
			targetProxy = 0F5F04CF2AB1AC2B00E84985 /* PBXContainerItemProxy */;
		};
		0F5F04DA2AB1AC2B00E84985 /* PBXTargetDependency */ = {
			isa = PBXTargetDependency;
			target = 0F5F04B72AB1AC2A00E84985 /* CYUTGP110IME */;
			targetProxy = 0F5F04D92AB1AC2B00E84985 /* PBXContainerItemProxy */;
		};
/* End PBXTargetDependency section */

/* Begin XCBuildConfiguration section */
		0F5F04E02AB1AC2B00E84985 /* Debug */ = {
			isa = XCBuildConfiguration;
			buildSettings = {
				ALWAYS_SEARCH_USER_PATHS = NO;
				CLANG_ANALYZER_NONNULL = YES;
				CLANG_ANALYZER_NUMBER_OBJECT_CONVERSION = YES_AGGRESSIVE;
				CLANG_CXX_LANGUAGE_STANDARD = "gnu++20";
				CLANG_ENABLE_MODULES = YES;
				CLANG_ENABLE_OBJC_ARC = YES;
				CLANG_ENABLE_OBJC_WEAK = YES;
				CLANG_WARN_BLOCK_CAPTURE_AUTORELEASING = YES;
				CLANG_WARN_BOOL_CONVERSION = YES;
				CLANG_WARN_COMMA = YES;
				CLANG_WARN_CONSTANT_CONVERSION = YES;
				CLANG_WARN_DEPRECATED_OBJC_IMPLEMENTATIONS = YES;
				CLANG_WARN_DIRECT_OBJC_ISA_USAGE = YES_ERROR;
				CLANG_WARN_DOCUMENTATION_COMMENTS = YES;
				CLANG_WARN_EMPTY_BODY = YES;
				CLANG_WARN_ENUM_CONVERSION = YES;
				CLANG_WARN_INFINITE_RECURSION = YES;
				CLANG_WARN_INT_CONVERSION = YES;
				CLANG_WARN_NON_LITERAL_NULL_CONVERSION = YES;
				CLANG_WARN_OBJC_IMPLICIT_RETAIN_SELF = YES;
				CLANG_WARN_OBJC_LITERAL_CONVERSION = YES;
				CLANG_WARN_OBJC_ROOT_CLASS = YES_ERROR;
				CLANG_WARN_QUOTED_INCLUDE_IN_FRAMEWORK_HEADER = YES;
				CLANG_WARN_RANGE_LOOP_ANALYSIS = YES;
				CLANG_WARN_STRICT_PROTOTYPES = YES;
				CLANG_WARN_SUSPICIOUS_MOVE = YES;
				CLANG_WARN_UNGUARDED_AVAILABILITY = YES_AGGRESSIVE;
				CLANG_WARN_UNREACHABLE_CODE = YES;
				CLANG_WARN__DUPLICATE_METHOD_MATCH = YES;
				COPY_PHASE_STRIP = NO;
				DEBUG_INFORMATION_FORMAT = dwarf;
				ENABLE_STRICT_OBJC_MSGSEND = YES;
				ENABLE_TESTABILITY = YES;
				GCC_C_LANGUAGE_STANDARD = gnu11;
				GCC_DYNAMIC_NO_PIC = NO;
				GCC_NO_COMMON_BLOCKS = YES;
				GCC_OPTIMIZATION_LEVEL = 0;
				GCC_PREPROCESSOR_DEFINITIONS = (
					"DEBUG=1",
					"$(inherited)",
				);
				GCC_WARN_64_TO_32_BIT_CONVERSION = YES;
				GCC_WARN_ABOUT_RETURN_TYPE = YES_ERROR;
				GCC_WARN_UNDECLARED_SELECTOR = YES;
				GCC_WARN_UNINITIALIZED_AUTOS = YES_AGGRESSIVE;
				GCC_WARN_UNUSED_FUNCTION = YES;
				GCC_WARN_UNUSED_VARIABLE = YES;
				MTL_ENABLE_DEBUG_INFO = INCLUDE_SOURCE;
				MTL_FAST_MATH = YES;
				ONLY_ACTIVE_ARCH = YES;
				SWIFT_ACTIVE_COMPILATION_CONDITIONS = DEBUG;
				SWIFT_OPTIMIZATION_LEVEL = "-Onone";
			};
			name = Debug;
		};
		0F5F04E12AB1AC2B00E84985 /* Release */ = {
			isa = XCBuildConfiguration;
			buildSettings = {
				ALWAYS_SEARCH_USER_PATHS = NO;
				CLANG_ANALYZER_NONNULL = YES;
				CLANG_ANALYZER_NUMBER_OBJECT_CONVERSION = YES_AGGRESSIVE;
				CLANG_CXX_LANGUAGE_STANDARD = "gnu++20";
				CLANG_ENABLE_MODULES = YES;
				CLANG_ENABLE_OBJC_ARC = YES;
				CLANG_ENABLE_OBJC_WEAK = YES;
				CLANG_WARN_BLOCK_CAPTURE_AUTORELEASING = YES;
				CLANG_WARN_BOOL_CONVERSION = YES;
				CLANG_WARN_COMMA = YES;
				CLANG_WARN_CONSTANT_CONVERSION = YES;
				CLANG_WARN_DEPRECATED_OBJC_IMPLEMENTATIONS = YES;
				CLANG_WARN_DIRECT_OBJC_ISA_USAGE = YES_ERROR;
				CLANG_WARN_DOCUMENTATION_COMMENTS = YES;
				CLANG_WARN_EMPTY_BODY = YES;
				CLANG_WARN_ENUM_CONVERSION = YES;
				CLANG_WARN_INFINITE_RECURSION = YES;
				CLANG_WARN_INT_CONVERSION = YES;
				CLANG_WARN_NON_LITERAL_NULL_CONVERSION = YES;
				CLANG_WARN_OBJC_IMPLICIT_RETAIN_SELF = YES;
				CLANG_WARN_OBJC_LITERAL_CONVERSION = YES;
				CLANG_WARN_OBJC_ROOT_CLASS = YES_ERROR;
				CLANG_WARN_QUOTED_INCLUDE_IN_FRAMEWORK_HEADER = YES;
				CLANG_WARN_RANGE_LOOP_ANALYSIS = YES;
				CLANG_WARN_STRICT_PROTOTYPES = YES;
				CLANG_WARN_SUSPICIOUS_MOVE = YES;
				CLANG_WARN_UNGUARDED_AVAILABILITY = YES_AGGRESSIVE;
				CLANG_WARN_UNREACHABLE_CODE = YES;
				CLANG_WARN__DUPLICATE_METHOD_MATCH = YES;
				COPY_PHASE_STRIP = NO;
				DEBUG_INFORMATION_FORMAT = "dwarf-with-dsym";
				ENABLE_NS_ASSERTIONS = NO;
				ENABLE_STRICT_OBJC_MSGSEND = YES;
				GCC_C_LANGUAGE_STANDARD = gnu11;
				GCC_NO_COMMON_BLOCKS = YES;
				GCC_WARN_64_TO_32_BIT_CONVERSION = YES;
				GCC_WARN_ABOUT_RETURN_TYPE = YES_ERROR;
				GCC_WARN_UNDECLARED_SELECTOR = YES;
				GCC_WARN_UNINITIALIZED_AUTOS = YES_AGGRESSIVE;
				GCC_WARN_UNUSED_FUNCTION = YES;
				GCC_WARN_UNUSED_VARIABLE = YES;
				MTL_ENABLE_DEBUG_INFO = NO;
				MTL_FAST_MATH = YES;
				SWIFT_COMPILATION_MODE = wholemodule;
				SWIFT_OPTIMIZATION_LEVEL = "-O";
			};
			name = Release;
		};
		0F5F04E32AB1AC2B00E84985 /* Debug */ = {
			isa = XCBuildConfiguration;
			buildSettings = {
				ASSETCATALOG_COMPILER_APPICON_NAME = AppIcon;
				ASSETCATALOG_COMPILER_GLOBAL_ACCENT_COLOR_NAME = AccentColor;
				CODE_SIGN_ENTITLEMENTS = CYUTGP110IME/CYUTGP110IME.entitlements;
				CODE_SIGN_STYLE = Automatic;
				CURRENT_PROJECT_VERSION = 1;
				DEVELOPMENT_ASSET_PATHS = "\"CYUTGP110IME/Preview Content\"";
				DEVELOPMENT_TEAM = 5368N29Z5Z;
				ENABLE_HARDENED_RUNTIME = YES;
				ENABLE_PREVIEWS = YES;
				GENERATE_INFOPLIST_FILE = YES;
				INFOPLIST_KEY_NSCameraUsageDescription = C;
				INFOPLIST_KEY_NSMicrophoneUsageDescription = M;
				"INFOPLIST_KEY_UIApplicationSceneManifest_Generation[sdk=iphoneos*]" = YES;
				"INFOPLIST_KEY_UIApplicationSceneManifest_Generation[sdk=iphonesimulator*]" = YES;
				"INFOPLIST_KEY_UIApplicationSupportsIndirectInputEvents[sdk=iphoneos*]" = YES;
				"INFOPLIST_KEY_UIApplicationSupportsIndirectInputEvents[sdk=iphonesimulator*]" = YES;
				"INFOPLIST_KEY_UILaunchScreen_Generation[sdk=iphoneos*]" = YES;
				"INFOPLIST_KEY_UILaunchScreen_Generation[sdk=iphonesimulator*]" = YES;
				"INFOPLIST_KEY_UIStatusBarStyle[sdk=iphoneos*]" = UIStatusBarStyleDefault;
				"INFOPLIST_KEY_UIStatusBarStyle[sdk=iphonesimulator*]" = UIStatusBarStyleDefault;
				INFOPLIST_KEY_UISupportedInterfaceOrientations_iPad = "UIInterfaceOrientationPortrait UIInterfaceOrientationPortraitUpsideDown UIInterfaceOrientationLandscapeLeft UIInterfaceOrientationLandscapeRight";
				INFOPLIST_KEY_UISupportedInterfaceOrientations_iPhone = "UIInterfaceOrientationPortrait UIInterfaceOrientationLandscapeLeft UIInterfaceOrientationLandscapeRight";
				IPHONEOS_DEPLOYMENT_TARGET = 16.4;
				LD_RUNPATH_SEARCH_PATHS = "@executable_path/Frameworks";
				"LD_RUNPATH_SEARCH_PATHS[sdk=macosx*]" = "@executable_path/../Frameworks";
				MACOSX_DEPLOYMENT_TARGET = 13.3;
				MARKETING_VERSION = 1.0;
				PRODUCT_BUNDLE_IDENTIFIER = com.cyutgp110;
				PRODUCT_NAME = "$(TARGET_NAME)";
				SDKROOT = auto;
				SUPPORTED_PLATFORMS = "iphoneos iphonesimulator macosx";
				SWIFT_EMIT_LOC_STRINGS = YES;
				SWIFT_VERSION = 5.0;
				TARGETED_DEVICE_FAMILY = "1,2";
			};
			name = Debug;
		};
		0F5F04E42AB1AC2B00E84985 /* Release */ = {
			isa = XCBuildConfiguration;
			buildSettings = {
				ASSETCATALOG_COMPILER_APPICON_NAME = AppIcon;
				ASSETCATALOG_COMPILER_GLOBAL_ACCENT_COLOR_NAME = AccentColor;
				CODE_SIGN_ENTITLEMENTS = CYUTGP110IME/CYUTGP110IME.entitlements;
				CODE_SIGN_STYLE = Automatic;
				CURRENT_PROJECT_VERSION = 1;
				DEVELOPMENT_ASSET_PATHS = "\"CYUTGP110IME/Preview Content\"";
				DEVELOPMENT_TEAM = 5368N29Z5Z;
				ENABLE_HARDENED_RUNTIME = YES;
				ENABLE_PREVIEWS = YES;
				GENERATE_INFOPLIST_FILE = YES;
				INFOPLIST_KEY_NSCameraUsageDescription = C;
				INFOPLIST_KEY_NSMicrophoneUsageDescription = M;
				"INFOPLIST_KEY_UIApplicationSceneManifest_Generation[sdk=iphoneos*]" = YES;
				"INFOPLIST_KEY_UIApplicationSceneManifest_Generation[sdk=iphonesimulator*]" = YES;
				"INFOPLIST_KEY_UIApplicationSupportsIndirectInputEvents[sdk=iphoneos*]" = YES;
				"INFOPLIST_KEY_UIApplicationSupportsIndirectInputEvents[sdk=iphonesimulator*]" = YES;
				"INFOPLIST_KEY_UILaunchScreen_Generation[sdk=iphoneos*]" = YES;
				"INFOPLIST_KEY_UILaunchScreen_Generation[sdk=iphonesimulator*]" = YES;
				"INFOPLIST_KEY_UIStatusBarStyle[sdk=iphoneos*]" = UIStatusBarStyleDefault;
				"INFOPLIST_KEY_UIStatusBarStyle[sdk=iphonesimulator*]" = UIStatusBarStyleDefault;
				INFOPLIST_KEY_UISupportedInterfaceOrientations_iPad = "UIInterfaceOrientationPortrait UIInterfaceOrientationPortraitUpsideDown UIInterfaceOrientationLandscapeLeft UIInterfaceOrientationLandscapeRight";
				INFOPLIST_KEY_UISupportedInterfaceOrientations_iPhone = "UIInterfaceOrientationPortrait UIInterfaceOrientationLandscapeLeft UIInterfaceOrientationLandscapeRight";
				IPHONEOS_DEPLOYMENT_TARGET = 16.4;
				LD_RUNPATH_SEARCH_PATHS = "@executable_path/Frameworks";
				"LD_RUNPATH_SEARCH_PATHS[sdk=macosx*]" = "@executable_path/../Frameworks";
				MACOSX_DEPLOYMENT_TARGET = 13.3;
				MARKETING_VERSION = 1.0;
				PRODUCT_BUNDLE_IDENTIFIER = com.cyutgp110;
				PRODUCT_NAME = "$(TARGET_NAME)";
				SDKROOT = auto;
				SUPPORTED_PLATFORMS = "iphoneos iphonesimulator macosx";
				SWIFT_EMIT_LOC_STRINGS = YES;
				SWIFT_VERSION = 5.0;
				TARGETED_DEVICE_FAMILY = "1,2";
			};
			name = Release;
		};
		0F5F04E62AB1AC2B00E84985 /* Debug */ = {
			isa = XCBuildConfiguration;
			buildSettings = {
				ALWAYS_EMBED_SWIFT_STANDARD_LIBRARIES = YES;
				BUNDLE_LOADER = "$(TEST_HOST)";
				CODE_SIGN_STYLE = Automatic;
				CURRENT_PROJECT_VERSION = 1;
				DEVELOPMENT_TEAM = WPR9PZZJ8R;
				GENERATE_INFOPLIST_FILE = YES;
				IPHONEOS_DEPLOYMENT_TARGET = 16.4;
				MACOSX_DEPLOYMENT_TARGET = 13.3;
				MARKETING_VERSION = 1.0;
				PRODUCT_BUNDLE_IDENTIFIER = CYUTGP110IME.CYUTGP110IMETests;
				PRODUCT_NAME = "$(TARGET_NAME)";
				SDKROOT = auto;
				SUPPORTED_PLATFORMS = "iphoneos iphonesimulator macosx";
				SWIFT_EMIT_LOC_STRINGS = NO;
				SWIFT_VERSION = 5.0;
				TARGETED_DEVICE_FAMILY = "1,2";
				TEST_HOST = "$(BUILT_PRODUCTS_DIR)/CYUTGP110IME.app/$(BUNDLE_EXECUTABLE_FOLDER_PATH)/CYUTGP110IME";
			};
			name = Debug;
		};
		0F5F04E72AB1AC2B00E84985 /* Release */ = {
			isa = XCBuildConfiguration;
			buildSettings = {
				ALWAYS_EMBED_SWIFT_STANDARD_LIBRARIES = YES;
				BUNDLE_LOADER = "$(TEST_HOST)";
				CODE_SIGN_STYLE = Automatic;
				CURRENT_PROJECT_VERSION = 1;
				DEVELOPMENT_TEAM = WPR9PZZJ8R;
				GENERATE_INFOPLIST_FILE = YES;
				IPHONEOS_DEPLOYMENT_TARGET = 16.4;
				MACOSX_DEPLOYMENT_TARGET = 13.3;
				MARKETING_VERSION = 1.0;
				PRODUCT_BUNDLE_IDENTIFIER = CYUTGP110IME.CYUTGP110IMETests;
				PRODUCT_NAME = "$(TARGET_NAME)";
				SDKROOT = auto;
				SUPPORTED_PLATFORMS = "iphoneos iphonesimulator macosx";
				SWIFT_EMIT_LOC_STRINGS = NO;
				SWIFT_VERSION = 5.0;
				TARGETED_DEVICE_FAMILY = "1,2";
				TEST_HOST = "$(BUILT_PRODUCTS_DIR)/CYUTGP110IME.app/$(BUNDLE_EXECUTABLE_FOLDER_PATH)/CYUTGP110IME";
			};
			name = Release;
		};
		0F5F04E92AB1AC2B00E84985 /* Debug */ = {
			isa = XCBuildConfiguration;
			buildSettings = {
				ALWAYS_EMBED_SWIFT_STANDARD_LIBRARIES = YES;
				CODE_SIGN_STYLE = Automatic;
				CURRENT_PROJECT_VERSION = 1;
				DEVELOPMENT_TEAM = WPR9PZZJ8R;
				GENERATE_INFOPLIST_FILE = YES;
				IPHONEOS_DEPLOYMENT_TARGET = 16.4;
				MACOSX_DEPLOYMENT_TARGET = 13.3;
				MARKETING_VERSION = 1.0;
				PRODUCT_BUNDLE_IDENTIFIER = CYUTGP110IME.CYUTGP110IMEUITests;
				PRODUCT_NAME = "$(TARGET_NAME)";
				SDKROOT = auto;
				SUPPORTED_PLATFORMS = "iphoneos iphonesimulator macosx";
				SWIFT_EMIT_LOC_STRINGS = NO;
				SWIFT_VERSION = 5.0;
				TARGETED_DEVICE_FAMILY = "1,2";
				TEST_TARGET_NAME = CYUTGP110IME;
			};
			name = Debug;
		};
		0F5F04EA2AB1AC2B00E84985 /* Release */ = {
			isa = XCBuildConfiguration;
			buildSettings = {
				ALWAYS_EMBED_SWIFT_STANDARD_LIBRARIES = YES;
				CODE_SIGN_STYLE = Automatic;
				CURRENT_PROJECT_VERSION = 1;
				DEVELOPMENT_TEAM = WPR9PZZJ8R;
				GENERATE_INFOPLIST_FILE = YES;
				IPHONEOS_DEPLOYMENT_TARGET = 16.4;
				MACOSX_DEPLOYMENT_TARGET = 13.3;
				MARKETING_VERSION = 1.0;
				PRODUCT_BUNDLE_IDENTIFIER = CYUTGP110IME.CYUTGP110IMEUITests;
				PRODUCT_NAME = "$(TARGET_NAME)";
				SDKROOT = auto;
				SUPPORTED_PLATFORMS = "iphoneos iphonesimulator macosx";
				SWIFT_EMIT_LOC_STRINGS = NO;
				SWIFT_VERSION = 5.0;
				TARGETED_DEVICE_FAMILY = "1,2";
				TEST_TARGET_NAME = CYUTGP110IME;
			};
			name = Release;
		};
/* End XCBuildConfiguration section */

/* Begin XCConfigurationList section */
		0F5F04B32AB1AC2A00E84985 /* Build configuration list for PBXProject "CYUTGP110IME" */ = {
			isa = XCConfigurationList;
			buildConfigurations = (
				0F5F04E02AB1AC2B00E84985 /* Debug */,
				0F5F04E12AB1AC2B00E84985 /* Release */,
			);
			defaultConfigurationIsVisible = 0;
			defaultConfigurationName = Release;
		};
		0F5F04E22AB1AC2B00E84985 /* Build configuration list for PBXNativeTarget "CYUTGP110IME" */ = {
			isa = XCConfigurationList;
			buildConfigurations = (
				0F5F04E32AB1AC2B00E84985 /* Debug */,
				0F5F04E42AB1AC2B00E84985 /* Release */,
			);
			defaultConfigurationIsVisible = 0;
			defaultConfigurationName = Release;
		};
		0F5F04E52AB1AC2B00E84985 /* Build configuration list for PBXNativeTarget "CYUTGP110IMETests" */ = {
			isa = XCConfigurationList;
			buildConfigurations = (
				0F5F04E62AB1AC2B00E84985 /* Debug */,
				0F5F04E72AB1AC2B00E84985 /* Release */,
			);
			defaultConfigurationIsVisible = 0;
			defaultConfigurationName = Release;
		};
		0F5F04E82AB1AC2B00E84985 /* Build configuration list for PBXNativeTarget "CYUTGP110IMEUITests" */ = {
			isa = XCConfigurationList;
			buildConfigurations = (
				0F5F04E92AB1AC2B00E84985 /* Debug */,
				0F5F04EA2AB1AC2B00E84985 /* Release */,
			);
			defaultConfigurationIsVisible = 0;
			defaultConfigurationName = Release;
		};
/* End XCConfigurationList section */

/* Begin XCRemoteSwiftPackageReference section */
		0F937E6C2AB1BD0C007E20A7 /* XCRemoteSwiftPackageReference "firebase-ios-sdk" */ = {
			isa = XCRemoteSwiftPackageReference;
			repositoryURL = "https://github.com/firebase/firebase-ios-sdk";
			requirement = {
				kind = upToNextMajorVersion;
				minimumVersion = 10.0.0;
			};
		};
/* End XCRemoteSwiftPackageReference section */

/* Begin XCSwiftPackageProductDependency section */
		0F937E6D2AB1BD0C007E20A7 /* FirebaseAnalytics */ = {
			isa = XCSwiftPackageProductDependency;
			package = 0F937E6C2AB1BD0C007E20A7 /* XCRemoteSwiftPackageReference "firebase-ios-sdk" */;
			productName = FirebaseAnalytics;
		};
		0F937E6F2AB1BD0C007E20A7 /* FirebaseAnalyticsOnDeviceConversion */ = {
			isa = XCSwiftPackageProductDependency;
			package = 0F937E6C2AB1BD0C007E20A7 /* XCRemoteSwiftPackageReference "firebase-ios-sdk" */;
			productName = FirebaseAnalyticsOnDeviceConversion;
		};
		0F937E712AB1BD0C007E20A7 /* FirebaseAnalyticsSwift */ = {
			isa = XCSwiftPackageProductDependency;
			package = 0F937E6C2AB1BD0C007E20A7 /* XCRemoteSwiftPackageReference "firebase-ios-sdk" */;
			productName = FirebaseAnalyticsSwift;
		};
		0F937E732AB1BD0C007E20A7 /* FirebaseAnalyticsWithoutAdIdSupport */ = {
			isa = XCSwiftPackageProductDependency;
			package = 0F937E6C2AB1BD0C007E20A7 /* XCRemoteSwiftPackageReference "firebase-ios-sdk" */;
			productName = FirebaseAnalyticsWithoutAdIdSupport;
		};
		0F937E752AB1BD0C007E20A7 /* FirebaseAppCheck */ = {
			isa = XCSwiftPackageProductDependency;
			package = 0F937E6C2AB1BD0C007E20A7 /* XCRemoteSwiftPackageReference "firebase-ios-sdk" */;
			productName = FirebaseAppCheck;
		};
		0F937E772AB1BD0C007E20A7 /* FirebaseAppDistribution-Beta */ = {
			isa = XCSwiftPackageProductDependency;
			package = 0F937E6C2AB1BD0C007E20A7 /* XCRemoteSwiftPackageReference "firebase-ios-sdk" */;
			productName = "FirebaseAppDistribution-Beta";
		};
		0F937E792AB1BD0C007E20A7 /* FirebaseAuth */ = {
			isa = XCSwiftPackageProductDependency;
			package = 0F937E6C2AB1BD0C007E20A7 /* XCRemoteSwiftPackageReference "firebase-ios-sdk" */;
			productName = FirebaseAuth;
		};
		0F937E7B2AB1BD0C007E20A7 /* FirebaseAuthCombine-Community */ = {
			isa = XCSwiftPackageProductDependency;
			package = 0F937E6C2AB1BD0C007E20A7 /* XCRemoteSwiftPackageReference "firebase-ios-sdk" */;
			productName = "FirebaseAuthCombine-Community";
		};
		0F937E7D2AB1BD0C007E20A7 /* FirebaseCrashlytics */ = {
			isa = XCSwiftPackageProductDependency;
			package = 0F937E6C2AB1BD0C007E20A7 /* XCRemoteSwiftPackageReference "firebase-ios-sdk" */;
			productName = FirebaseCrashlytics;
		};
		0F937E7F2AB1BD0C007E20A7 /* FirebaseDatabase */ = {
			isa = XCSwiftPackageProductDependency;
			package = 0F937E6C2AB1BD0C007E20A7 /* XCRemoteSwiftPackageReference "firebase-ios-sdk" */;
			productName = FirebaseDatabase;
		};
		0F937E812AB1BD0C007E20A7 /* FirebaseDatabaseSwift */ = {
			isa = XCSwiftPackageProductDependency;
			package = 0F937E6C2AB1BD0C007E20A7 /* XCRemoteSwiftPackageReference "firebase-ios-sdk" */;
			productName = FirebaseDatabaseSwift;
		};
		0F937E832AB1BD0C007E20A7 /* FirebaseDynamicLinks */ = {
			isa = XCSwiftPackageProductDependency;
			package = 0F937E6C2AB1BD0C007E20A7 /* XCRemoteSwiftPackageReference "firebase-ios-sdk" */;
			productName = FirebaseDynamicLinks;
		};
		0F937E852AB1BD0C007E20A7 /* FirebaseFirestore */ = {
			isa = XCSwiftPackageProductDependency;
			package = 0F937E6C2AB1BD0C007E20A7 /* XCRemoteSwiftPackageReference "firebase-ios-sdk" */;
			productName = FirebaseFirestore;
		};
		0F937E872AB1BD0C007E20A7 /* FirebaseFirestoreCombine-Community */ = {
			isa = XCSwiftPackageProductDependency;
			package = 0F937E6C2AB1BD0C007E20A7 /* XCRemoteSwiftPackageReference "firebase-ios-sdk" */;
			productName = "FirebaseFirestoreCombine-Community";
		};
		0F937E892AB1BD0C007E20A7 /* FirebaseFirestoreSwift */ = {
			isa = XCSwiftPackageProductDependency;
			package = 0F937E6C2AB1BD0C007E20A7 /* XCRemoteSwiftPackageReference "firebase-ios-sdk" */;
			productName = FirebaseFirestoreSwift;
		};
		0F937E8B2AB1BD0C007E20A7 /* FirebaseFunctions */ = {
			isa = XCSwiftPackageProductDependency;
			package = 0F937E6C2AB1BD0C007E20A7 /* XCRemoteSwiftPackageReference "firebase-ios-sdk" */;
			productName = FirebaseFunctions;
		};
		0F937E8D2AB1BD0C007E20A7 /* FirebaseFunctionsCombine-Community */ = {
			isa = XCSwiftPackageProductDependency;
			package = 0F937E6C2AB1BD0C007E20A7 /* XCRemoteSwiftPackageReference "firebase-ios-sdk" */;
			productName = "FirebaseFunctionsCombine-Community";
		};
		0F937E8F2AB1BD0C007E20A7 /* FirebaseInAppMessaging-Beta */ = {
			isa = XCSwiftPackageProductDependency;
			package = 0F937E6C2AB1BD0C007E20A7 /* XCRemoteSwiftPackageReference "firebase-ios-sdk" */;
			productName = "FirebaseInAppMessaging-Beta";
		};
		0F937E912AB1BD0C007E20A7 /* FirebaseInAppMessagingSwift-Beta */ = {
			isa = XCSwiftPackageProductDependency;
			package = 0F937E6C2AB1BD0C007E20A7 /* XCRemoteSwiftPackageReference "firebase-ios-sdk" */;
			productName = "FirebaseInAppMessagingSwift-Beta";
		};
		0F937E932AB1BD0C007E20A7 /* FirebaseInstallations */ = {
			isa = XCSwiftPackageProductDependency;
			package = 0F937E6C2AB1BD0C007E20A7 /* XCRemoteSwiftPackageReference "firebase-ios-sdk" */;
			productName = FirebaseInstallations;
		};
		0F937E952AB1BD0C007E20A7 /* FirebaseMLModelDownloader */ = {
			isa = XCSwiftPackageProductDependency;
			package = 0F937E6C2AB1BD0C007E20A7 /* XCRemoteSwiftPackageReference "firebase-ios-sdk" */;
			productName = FirebaseMLModelDownloader;
		};
		0F937E972AB1BD0C007E20A7 /* FirebaseMessaging */ = {
			isa = XCSwiftPackageProductDependency;
			package = 0F937E6C2AB1BD0C007E20A7 /* XCRemoteSwiftPackageReference "firebase-ios-sdk" */;
			productName = FirebaseMessaging;
		};
		0F937E992AB1BD0C007E20A7 /* FirebasePerformance */ = {
			isa = XCSwiftPackageProductDependency;
			package = 0F937E6C2AB1BD0C007E20A7 /* XCRemoteSwiftPackageReference "firebase-ios-sdk" */;
			productName = FirebasePerformance;
		};
		0F937E9B2AB1BD0C007E20A7 /* FirebaseRemoteConfig */ = {
			isa = XCSwiftPackageProductDependency;
			package = 0F937E6C2AB1BD0C007E20A7 /* XCRemoteSwiftPackageReference "firebase-ios-sdk" */;
			productName = FirebaseRemoteConfig;
		};
		0F937E9D2AB1BD0C007E20A7 /* FirebaseRemoteConfigSwift */ = {
			isa = XCSwiftPackageProductDependency;
			package = 0F937E6C2AB1BD0C007E20A7 /* XCRemoteSwiftPackageReference "firebase-ios-sdk" */;
			productName = FirebaseRemoteConfigSwift;
		};
		0F937E9F2AB1BD0C007E20A7 /* FirebaseStorage */ = {
			isa = XCSwiftPackageProductDependency;
			package = 0F937E6C2AB1BD0C007E20A7 /* XCRemoteSwiftPackageReference "firebase-ios-sdk" */;
			productName = FirebaseStorage;
		};
		0F937EA12AB1BD0C007E20A7 /* FirebaseStorageCombine-Community */ = {
			isa = XCSwiftPackageProductDependency;
			package = 0F937E6C2AB1BD0C007E20A7 /* XCRemoteSwiftPackageReference "firebase-ios-sdk" */;
			productName = "FirebaseStorageCombine-Community";
		};
/* End XCSwiftPackageProductDependency section */

/* Begin XCVersionGroup section */
		0F5F04BF2AB1AC2A00E84985 /* CYUTGP110IME.xcdatamodeld */ = {
			isa = XCVersionGroup;
			children = (
				0F5F04C02AB1AC2A00E84985 /* CYUTGP110IME.xcdatamodel */,
			);
			currentVersion = 0F5F04C02AB1AC2A00E84985 /* CYUTGP110IME.xcdatamodel */;
			path = CYUTGP110IME.xcdatamodeld;
			sourceTree = "<group>";
			versionGroupType = wrapper.xcdatamodel;
		};
/* End XCVersionGroup section */
	};
	rootObject = 0F5F04B02AB1AC2A00E84985 /* Project object */;
}
